
Microsoft Visual Studio Solution File, Format Version 12.00
# Visual Studio Version 16
VisualStudioVersion = 16.0.31321.278
MinimumVisualStudioVersion = 10.0.40219.1
Project("{8BC9CEB8-8B4A-11D0-8D11-00A0C91BC942}") = "강의6-2", "강의6-2.vcxproj", "{4E752F79-D4F3-4789-9B56-F84C035BC1CD}"
EndProject
Global
	GlobalSection(SolutionConfigurationPlatforms) = preSolution
		Debug|x64 = Debug|x64
		Debug|x86 = Debug|x86
		Release|x64 = Release|x64
		Release|x86 = Release|x86
	EndGlobalSection
	GlobalSection(ProjectConfigurationPlatforms) = postSolution
		{4E752F79-D4F3-4789-9B56-F84C035BC1CD}.Debug|x64.ActiveCfg = Debug|x64
		{4E752F79-D4F3-4789-9B56-F84C035BC1CD}.Debug|x64.Build.0 = Debug|x64
		{4E752F79-D4F3-4789-9B56-F84C035BC1CD}.Debug|x86.ActiveCfg = Debug|Win32
		{4E752F79-D4F3-4789-9B56-F84C035BC1CD}.Debug|x86.Build.0 = Debug|Win32
		{4E752F79-D4F3-4789-9B56-F84C035BC1CD}.Release|x64.ActiveCfg = Release|x64
		{4E752F79-D4F3-4789-9B56-F84C035BC1CD}.Release|x64.Build.0 = Release|x64
		{4E752F79-D4F3-4789-9B56-F84C035BC1CD}.Release|x86.ActiveCfg = Release|Win32
		{4E752F79-D4F3-4789-9B56-F84C035BC1CD}.Release|x86.Build.0 = Release|Win32
	EndGlobalSection
	GlobalSection(SolutionProperties) = preSolution
		HideSolutionNode = FALSE
	EndGlobalSection
	GlobalSection(ExtensibilityGlobals) = postSolution
		SolutionGuid = {B80110AB-C9AB-4458-85CC-2227D861A5AE}
	EndGlobalSection
EndGlobal
