
Microsoft Visual Studio Solution File, Format Version 12.00
# Visual Studio Version 16
VisualStudioVersion = 16.0.31911.196
MinimumVisualStudioVersion = 10.0.40219.1
Project("{8BC9CEB8-8B4A-11D0-8D11-00A0C91BC942}") = "강의13-2", "강의13-2.vcxproj", "{DD6927A9-E76C-47F8-89E2-E71CBDBC2D10}"
EndProject
Global
	GlobalSection(SolutionConfigurationPlatforms) = preSolution
		Debug|x64 = Debug|x64
		Debug|x86 = Debug|x86
		Release|x64 = Release|x64
		Release|x86 = Release|x86
	EndGlobalSection
	GlobalSection(ProjectConfigurationPlatforms) = postSolution
		{DD6927A9-E76C-47F8-89E2-E71CBDBC2D10}.Debug|x64.ActiveCfg = Debug|x64
		{DD6927A9-E76C-47F8-89E2-E71CBDBC2D10}.Debug|x64.Build.0 = Debug|x64
		{DD6927A9-E76C-47F8-89E2-E71CBDBC2D10}.Debug|x86.ActiveCfg = Debug|Win32
		{DD6927A9-E76C-47F8-89E2-E71CBDBC2D10}.Debug|x86.Build.0 = Debug|Win32
		{DD6927A9-E76C-47F8-89E2-E71CBDBC2D10}.Release|x64.ActiveCfg = Release|x64
		{DD6927A9-E76C-47F8-89E2-E71CBDBC2D10}.Release|x64.Build.0 = Release|x64
		{DD6927A9-E76C-47F8-89E2-E71CBDBC2D10}.Release|x86.ActiveCfg = Release|Win32
		{DD6927A9-E76C-47F8-89E2-E71CBDBC2D10}.Release|x86.Build.0 = Release|Win32
	EndGlobalSection
	GlobalSection(SolutionProperties) = preSolution
		HideSolutionNode = FALSE
	EndGlobalSection
	GlobalSection(ExtensibilityGlobals) = postSolution
		SolutionGuid = {030E5123-3D5D-4894-B410-AC92A40AF511}
	EndGlobalSection
EndGlobal
